
Microsoft Visual Studio Solution File, Format Version 12.00
# Visual Studio Version 17
VisualStudioVersion = 17.14.36109.1 d17.14
MinimumVisualStudioVersion = 10.0.40219.1
Project("{FAE04EC0-301F-11D3-BF4B-00C04F79EFBC}") = "MLP10", "MLP10\MLP10.csproj", "{77D9F13B-41FC-4C95-A79A-8DE1D56D60E6}"
EndProject
Project("{FAE04EC0-301F-11D3-BF4B-00C04F79EFBC}") = "MLP10.Tests", "MLP10.Tests\MLP10.Tests.csproj", "{A74E7852-2570-4FC0-9B62-0160FBDD6D7A}"
EndProject
Global
	GlobalSection(SolutionConfigurationPlatforms) = preSolution
		Debug|Any CPU = Debug|Any CPU
		Release|Any CPU = Release|Any CPU
	EndGlobalSection
	GlobalSection(ProjectConfigurationPlatforms) = postSolution
		{77D9F13B-41FC-4C95-A79A-8DE1D56D60E6}.Debug|Any CPU.ActiveCfg = Debug|Any CPU
		{77D9F13B-41FC-4C95-A79A-8DE1D56D60E6}.Debug|Any CPU.Build.0 = Debug|Any CPU
		{77D9F13B-41FC-4C95-A79A-8DE1D56D60E6}.Release|Any CPU.ActiveCfg = Release|Any CPU
		{77D9F13B-41FC-4C95-A79A-8DE1D56D60E6}.Release|Any CPU.Build.0 = Release|Any CPU
		{A74E7852-2570-4FC0-9B62-0160FBDD6D7A}.Debug|Any CPU.ActiveCfg = Debug|Any CPU
		{A74E7852-2570-4FC0-9B62-0160FBDD6D7A}.Debug|Any CPU.Build.0 = Debug|Any CPU
		{A74E7852-2570-4FC0-9B62-0160FBDD6D7A}.Release|Any CPU.ActiveCfg = Release|Any CPU
		{A74E7852-2570-4FC0-9B62-0160FBDD6D7A}.Release|Any CPU.Build.0 = Release|Any CPU
	EndGlobalSection
	GlobalSection(SolutionProperties) = preSolution
		HideSolutionNode = FALSE
	EndGlobalSection
	GlobalSection(ExtensibilityGlobals) = postSolution
		SolutionGuid = {85026DAE-C9F6-40C9-BCFD-5CBC629119DB}
	EndGlobalSection
EndGlobal
